{
  "name": "directed-study-1",
  "lockfileVersion": 2,
  "requires": true,
  "packages": {
    "": {
      "dependencies": {
        "google-one-tap": "^1.0.6",
        "ng-google-one-tap": "^2.1.10",
        "react-google-one-tap-login": "^0.1.1",
        "react-router-dom": "^6.8.2"
      }
    },
    "node_modules/@angular/common": {
      "version": "11.2.14",
      "resolved": "https://registry.npmjs.org/@angular/common/-/common-11.2.14.tgz",
      "integrity": "sha512-ZSLV/3j7eCTyLf/8g4yBFLWySjiLz3vLJAGWscYoUpnJWMnug1VRu6zoF/COxCbtORgE+Wz6K0uhfS6MziBGVw==",
      "peer": true,
      "dependencies": {
        "tslib": "^2.0.0"
      },
      "peerDependencies": {
        "@angular/core": "11.2.14",
        "rxjs": "^6.5.3"
      }
    },
    "node_modules/@angular/core": {
      "version": "11.2.14",
      "resolved": "https://registry.npmjs.org/@angular/core/-/core-11.2.14.tgz",
      "integrity": "sha512-vpR4XqBGitk1Faph37CSpemwIYTmJ3pdIVNoHKP6jLonpWu+0azkchf0f7oD8/2ivj2F81opcIw0tcsy/D/5Vg==",
      "peer": true,
      "dependencies": {
        "tslib": "^2.0.0"
      },
      "peerDependencies": {
        "rxjs": "^6.5.3",
        "zone.js": "^0.10.2 || ^0.11.3"
      }
    },
    "node_modules/@remix-run/router": {
      "version": "1.3.3",
      "resolved": "https://registry.npmjs.org/@remix-run/router/-/router-1.3.3.tgz",
      "integrity": "sha512-YRHie1yQEj0kqqCTCJEfHqYSSNlZQ696QJG+MMiW4mxSl9I0ojz/eRhJS4fs88Z5i6D1SmoF9d3K99/QOhI8/w==",
      "engines": {
        "node": ">=14"
      }
    },
    "node_modules/google-one-tap": {
      "version": "1.0.6",
      "resolved": "https://registry.npmjs.org/google-one-tap/-/google-one-tap-1.0.6.tgz",
      "integrity": "sha512-sgusL6AmYCsTW/WVpJK0zxsjelPqJt/+3yNj4yHZTJOrHEDO251SR9xbTNB4wYK7nCM86/RaQdsD+8yUNQSQeQ=="
    },
    "node_modules/js-tokens": {
      "version": "4.0.0",
      "resolved": "https://registry.npmjs.org/js-tokens/-/js-tokens-4.0.0.tgz",
      "integrity": "sha512-RdJUflcE3cUzKiMqQgsCu06FPu9UdIJO0beYbPhHN4k6apgJtifcoCtT9bcxOpYBtpD2kCM6Sbzg4CausW/PKQ==",
      "peer": true
    },
    "node_modules/loose-envify": {
      "version": "1.4.0",
      "resolved": "https://registry.npmjs.org/loose-envify/-/loose-envify-1.4.0.tgz",
      "integrity": "sha512-lyuxPGr/Wfhrlem2CL/UcnUc1zcqKAImBDzukY7Y5F/yQiNdko6+fRLevlw1HgMySw7f611UIY408EtxRSoK3Q==",
      "peer": true,
      "dependencies": {
        "js-tokens": "^3.0.0 || ^4.0.0"
      },
      "bin": {
        "loose-envify": "cli.js"
      }
    },
    "node_modules/ng-google-one-tap": {
      "version": "2.1.10",
      "resolved": "https://registry.npmjs.org/ng-google-one-tap/-/ng-google-one-tap-2.1.10.tgz",
      "integrity": "sha512-Fmx9ksBJ4k5/V37m6avy5F0rtvN2aopL2Z1G1JmO6Lvm/llxdmR838gxK4p3ukK2ber+73gf80Z4YIo8KifEwA==",
      "dependencies": {
        "tslib": "^2.0.0"
      },
      "peerDependencies": {
        "@angular/common": "^11.2.11",
        "@angular/core": "^11.2.11"
      }
    },
    "node_modules/react": {
      "version": "18.2.0",
      "resolved": "https://registry.npmjs.org/react/-/react-18.2.0.tgz",
      "integrity": "sha512-/3IjMdb2L9QbBdWiW5e3P2/npwMBaU9mHCSCUzNln0ZCYbcfTsGbTJrU/kGemdH2IWmB2ioZ+zkxtmq6g09fGQ==",
      "peer": true,
      "dependencies": {
        "loose-envify": "^1.1.0"
      },
      "engines": {
        "node": ">=0.10.0"
      }
    },
    "node_modules/react-dom": {
      "version": "18.2.0",
      "resolved": "https://registry.npmjs.org/react-dom/-/react-dom-18.2.0.tgz",
      "integrity": "sha512-6IMTriUmvsjHUjNtEDudZfuDQUoWXVxKHhlEGSk81n4YFS+r/Kl99wXiwlVXtPBtJenozv2P+hxDsw9eA7Xo6g==",
      "peer": true,
      "dependencies": {
        "loose-envify": "^1.1.0",
        "scheduler": "^0.23.0"
      },
      "peerDependencies": {
        "react": "^18.2.0"
      }
    },
    "node_modules/react-google-one-tap-login": {
      "version": "0.1.1",
      "resolved": "https://registry.npmjs.org/react-google-one-tap-login/-/react-google-one-tap-login-0.1.1.tgz",
      "integrity": "sha512-RCbOfR3Z7VcRae4AzrLoBfY/aqqdN24pkQeNz9CJ0W65C9SY3vAwF0Yp8mwpeFwsugaZ5b1HZsfhUYWtb3IMrw==",
      "engines": {
        "node": ">=10",
        "npm": ">=5.5.1",
        "yarn": ">=1.16.0"
      },
      "peerDependencies": {
        "react": ">= 16.8.0"
      }
    },
    "node_modules/react-router": {
      "version": "6.8.2",
      "resolved": "https://registry.npmjs.org/react-router/-/react-router-6.8.2.tgz",
      "integrity": "sha512-lF7S0UmXI5Pd8bmHvMdPKI4u4S5McxmHnzJhrYi9ZQ6wE+DA8JN5BzVC5EEBuduWWDaiJ8u6YhVOCmThBli+rw==",
      "dependencies": {
        "@remix-run/router": "1.3.3"
      },
      "engines": {
        "node": ">=14"
      },
      "peerDependencies": {
        "react": ">=16.8"
      }
    },
    "node_modules/react-router-dom": {
      "version": "6.8.2",
      "resolved": "https://registry.npmjs.org/react-router-dom/-/react-router-dom-6.8.2.tgz",
      "integrity": "sha512-N/oAF1Shd7g4tWy+75IIufCGsHBqT74tnzHQhbiUTYILYF0Blk65cg+HPZqwC+6SqEyx033nKqU7by38v3lBZg==",
      "dependencies": {
        "@remix-run/router": "1.3.3",
        "react-router": "6.8.2"
      },
      "engines": {
        "node": ">=14"
      },
      "peerDependencies": {
        "react": ">=16.8",
        "react-dom": ">=16.8"
      }
    },
    "node_modules/rxjs": {
      "version": "6.6.7",
      "resolved": "https://registry.npmjs.org/rxjs/-/rxjs-6.6.7.tgz",
      "integrity": "sha512-hTdwr+7yYNIT5n4AMYp85KA6yw2Va0FLa3Rguvbpa4W3I5xynaBZo41cM3XM+4Q6fRMj3sBYIR1VAmZMXYJvRQ==",
      "peer": true,
      "dependencies": {
        "tslib": "^1.9.0"
      },
      "engines": {
        "npm": ">=2.0.0"
      }
    },
    "node_modules/rxjs/node_modules/tslib": {
      "version": "1.14.1",
      "resolved": "https://registry.npmjs.org/tslib/-/tslib-1.14.1.tgz",
      "integrity": "sha512-Xni35NKzjgMrwevysHTCArtLDpPvye8zV/0E4EyYn43P7/7qvQwPh9BGkHewbMulVntbigmcT7rdX3BNo9wRJg==",
      "peer": true
    },
    "node_modules/scheduler": {
      "version": "0.23.0",
      "resolved": "https://registry.npmjs.org/scheduler/-/scheduler-0.23.0.tgz",
      "integrity": "sha512-CtuThmgHNg7zIZWAXi3AsyIzA3n4xx7aNyjwC2VJldO2LMVDhFK+63xGqq6CsJH4rTAt6/M+N4GhZiDYPx9eUw==",
      "peer": true,
      "dependencies": {
        "loose-envify": "^1.1.0"
      }
    },
    "node_modules/tslib": {
      "version": "2.5.0",
      "resolved": "https://registry.npmjs.org/tslib/-/tslib-2.5.0.tgz",
      "integrity": "sha512-336iVw3rtn2BUK7ORdIAHTyxHGRIHVReokCR3XjbckJMK7ms8FysBfhLR8IXnAgy7T0PTPNBWKiH514FOW/WSg=="
    },
    "node_modules/zone.js": {
      "version": "0.11.8",
      "resolved": "https://registry.npmjs.org/zone.js/-/zone.js-0.11.8.tgz",
      "integrity": "sha512-82bctBg2hKcEJ21humWIkXRlLBBmrc3nN7DFh5LGGhcyycO2S7FN8NmdvlcKaGFDNVL4/9kFLmwmInTavdJERA==",
      "peer": true,
      "dependencies": {
        "tslib": "^2.3.0"
      }
    }
  },
  "dependencies": {
    "@angular/common": {
      "version": "11.2.14",
      "resolved": "https://registry.npmjs.org/@angular/common/-/common-11.2.14.tgz",
      "integrity": "sha512-ZSLV/3j7eCTyLf/8g4yBFLWySjiLz3vLJAGWscYoUpnJWMnug1VRu6zoF/COxCbtORgE+Wz6K0uhfS6MziBGVw==",
      "peer": true,
      "requires": {
        "tslib": "^2.0.0"
      }
    },
    "@angular/core": {
      "version": "11.2.14",
      "resolved": "https://registry.npmjs.org/@angular/core/-/core-11.2.14.tgz",
      "integrity": "sha512-vpR4XqBGitk1Faph37CSpemwIYTmJ3pdIVNoHKP6jLonpWu+0azkchf0f7oD8/2ivj2F81opcIw0tcsy/D/5Vg==",
      "peer": true,
      "requires": {
        "tslib": "^2.0.0"
      }
    },
    "@remix-run/router": {
      "version": "1.3.3",
      "resolved": "https://registry.npmjs.org/@remix-run/router/-/router-1.3.3.tgz",
      "integrity": "sha512-YRHie1yQEj0kqqCTCJEfHqYSSNlZQ696QJG+MMiW4mxSl9I0ojz/eRhJS4fs88Z5i6D1SmoF9d3K99/QOhI8/w=="
    },
    "google-one-tap": {
      "version": "1.0.6",
      "resolved": "https://registry.npmjs.org/google-one-tap/-/google-one-tap-1.0.6.tgz",
      "integrity": "sha512-sgusL6AmYCsTW/WVpJK0zxsjelPqJt/+3yNj4yHZTJOrHEDO251SR9xbTNB4wYK7nCM86/RaQdsD+8yUNQSQeQ=="
    },
    "js-tokens": {
      "version": "4.0.0",
      "resolved": "https://registry.npmjs.org/js-tokens/-/js-tokens-4.0.0.tgz",
      "integrity": "sha512-RdJUflcE3cUzKiMqQgsCu06FPu9UdIJO0beYbPhHN4k6apgJtifcoCtT9bcxOpYBtpD2kCM6Sbzg4CausW/PKQ==",
      "peer": true
    },
    "loose-envify": {
      "version": "1.4.0",
      "resolved": "https://registry.npmjs.org/loose-envify/-/loose-envify-1.4.0.tgz",
      "integrity": "sha512-lyuxPGr/Wfhrlem2CL/UcnUc1zcqKAImBDzukY7Y5F/yQiNdko6+fRLevlw1HgMySw7f611UIY408EtxRSoK3Q==",
      "peer": true,
      "requires": {
        "js-tokens": "^3.0.0 || ^4.0.0"
      }
    },
    "ng-google-one-tap": {
      "version": "2.1.10",
      "resolved": "https://registry.npmjs.org/ng-google-one-tap/-/ng-google-one-tap-2.1.10.tgz",
      "integrity": "sha512-Fmx9ksBJ4k5/V37m6avy5F0rtvN2aopL2Z1G1JmO6Lvm/llxdmR838gxK4p3ukK2ber+73gf80Z4YIo8KifEwA==",
      "requires": {
        "tslib": "^2.0.0"
      }
    },
    "react": {
      "version": "18.2.0",
      "resolved": "https://registry.npmjs.org/react/-/react-18.2.0.tgz",
      "integrity": "sha512-/3IjMdb2L9QbBdWiW5e3P2/npwMBaU9mHCSCUzNln0ZCYbcfTsGbTJrU/kGemdH2IWmB2ioZ+zkxtmq6g09fGQ==",
      "peer": true,
      "requires": {
        "loose-envify": "^1.1.0"
      }
    },
    "react-dom": {
      "version": "18.2.0",
      "resolved": "https://registry.npmjs.org/react-dom/-/react-dom-18.2.0.tgz",
      "integrity": "sha512-6IMTriUmvsjHUjNtEDudZfuDQUoWXVxKHhlEGSk81n4YFS+r/Kl99wXiwlVXtPBtJenozv2P+hxDsw9eA7Xo6g==",
      "peer": true,
      "requires": {
        "loose-envify": "^1.1.0",
        "scheduler": "^0.23.0"
      }
    },
    "react-google-one-tap-login": {
      "version": "0.1.1",
      "resolved": "https://registry.npmjs.org/react-google-one-tap-login/-/react-google-one-tap-login-0.1.1.tgz",
      "integrity": "sha512-RCbOfR3Z7VcRae4AzrLoBfY/aqqdN24pkQeNz9CJ0W65C9SY3vAwF0Yp8mwpeFwsugaZ5b1HZsfhUYWtb3IMrw==",
      "requires": {}
    },
    "react-router": {
      "version": "6.8.2",
      "resolved": "https://registry.npmjs.org/react-router/-/react-router-6.8.2.tgz",
      "integrity": "sha512-lF7S0UmXI5Pd8bmHvMdPKI4u4S5McxmHnzJhrYi9ZQ6wE+DA8JN5BzVC5EEBuduWWDaiJ8u6YhVOCmThBli+rw==",
      "requires": {
        "@remix-run/router": "1.3.3"
      }
    },
    "react-router-dom": {
      "version": "6.8.2",
      "resolved": "https://registry.npmjs.org/react-router-dom/-/react-router-dom-6.8.2.tgz",
      "integrity": "sha512-N/oAF1Shd7g4tWy+75IIufCGsHBqT74tnzHQhbiUTYILYF0Blk65cg+HPZqwC+6SqEyx033nKqU7by38v3lBZg==",
      "requires": {
        "@remix-run/router": "1.3.3",
        "react-router": "6.8.2"
      }
    },
    "rxjs": {
      "version": "6.6.7",
      "resolved": "https://registry.npmjs.org/rxjs/-/rxjs-6.6.7.tgz",
      "integrity": "sha512-hTdwr+7yYNIT5n4AMYp85KA6yw2Va0FLa3Rguvbpa4W3I5xynaBZo41cM3XM+4Q6fRMj3sBYIR1VAmZMXYJvRQ==",
      "peer": true,
      "requires": {
        "tslib": "^1.9.0"
      },
      "dependencies": {
        "tslib": {
          "version": "1.14.1",
          "resolved": "https://registry.npmjs.org/tslib/-/tslib-1.14.1.tgz",
          "integrity": "sha512-Xni35NKzjgMrwevysHTCArtLDpPvye8zV/0E4EyYn43P7/7qvQwPh9BGkHewbMulVntbigmcT7rdX3BNo9wRJg==",
          "peer": true
        }
      }
    },
    "scheduler": {
      "version": "0.23.0",
      "resolved": "https://registry.npmjs.org/scheduler/-/scheduler-0.23.0.tgz",
      "integrity": "sha512-CtuThmgHNg7zIZWAXi3AsyIzA3n4xx7aNyjwC2VJldO2LMVDhFK+63xGqq6CsJH4rTAt6/M+N4GhZiDYPx9eUw==",
      "peer": true,
      "requires": {
        "loose-envify": "^1.1.0"
      }
    },
    "tslib": {
      "version": "2.5.0",
      "resolved": "https://registry.npmjs.org/tslib/-/tslib-2.5.0.tgz",
      "integrity": "sha512-336iVw3rtn2BUK7ORdIAHTyxHGRIHVReokCR3XjbckJMK7ms8FysBfhLR8IXnAgy7T0PTPNBWKiH514FOW/WSg=="
    },
    "zone.js": {
      "version": "0.11.8",
      "resolved": "https://registry.npmjs.org/zone.js/-/zone.js-0.11.8.tgz",
      "integrity": "sha512-82bctBg2hKcEJ21humWIkXRlLBBmrc3nN7DFh5LGGhcyycO2S7FN8NmdvlcKaGFDNVL4/9kFLmwmInTavdJERA==",
      "peer": true,
      "requires": {
        "tslib": "^2.3.0"
      }
    }
  }
}
